{
  "name": "Advanced-MP-Frontend",
  "version": "1.0.0",
  "lockfileVersion": 1,
  "requires": true,
  "dependencies": {
    "miniprogram-computed": {
      "version": "0.0.7",
      "resolved": "https://registry.npm.taobao.org/miniprogram-computed/download/miniprogram-computed-0.0.7.tgz",
      "integrity": "sha1-GDyfmcMqqPQPSfSGFnECEYWqct8="
    }
  }
}
